
Microsoft Visual Studio Solution File, Format Version 12.00
# Visual Studio 14
VisualStudioVersion = 14.0.25420.1
MinimumVisualStudioVersion = 10.0.40219.1
Project("{FAE04EC0-301F-11D3-BF4B-00C04F79EFBC}") = "Solster.Net.Docsis", "src\Solster.Net.Docsis.csproj", "{7F15F26F-0CBF-4B3D-8241-AD41890245FF}"
EndProject
Global
	GlobalSection(SolutionConfigurationPlatforms) = preSolution
		Debug|Any CPU = Debug|Any CPU
		Release|Any CPU = Release|Any CPU
	EndGlobalSection
	GlobalSection(ProjectConfigurationPlatforms) = postSolution
		{7F15F26F-0CBF-4B3D-8241-AD41890245FF}.Debug|Any CPU.ActiveCfg = Debug|Any CPU
		{7F15F26F-0CBF-4B3D-8241-AD41890245FF}.Debug|Any CPU.Build.0 = Debug|Any CPU
		{7F15F26F-0CBF-4B3D-8241-AD41890245FF}.Release|Any CPU.ActiveCfg = Release|Any CPU
		{7F15F26F-0CBF-4B3D-8241-AD41890245FF}.Release|Any CPU.Build.0 = Release|Any CPU
	EndGlobalSection
	GlobalSection(SolutionProperties) = preSolution
		HideSolutionNode = FALSE
	EndGlobalSection
	GlobalSection(SubversionScc) = preSolution
		Svn-Managed = True
		Manager = AnkhSVN - Subversion Support for Visual Studio
	EndGlobalSection
EndGlobal
